
Microsoft Visual Studio Solution File, Format Version 12.00
# Visual Studio Version 17
VisualStudioVersion = 17.2.32630.192
MinimumVisualStudioVersion = 10.0.40219.1
Project("{FAE04EC0-301F-11D3-BF4B-00C04F79EFBC}") = "cviceni10.3", "cviceni10.3\cviceni10.3.csproj", "{BA73D8DA-87FF-4E63-A2A4-159C20D0141E}"
EndProject
Global
	GlobalSection(SolutionConfigurationPlatforms) = preSolution
		Debug|Any CPU = Debug|Any CPU
		Release|Any CPU = Release|Any CPU
	EndGlobalSection
	GlobalSection(ProjectConfigurationPlatforms) = postSolution
		{BA73D8DA-87FF-4E63-A2A4-159C20D0141E}.Debug|Any CPU.ActiveCfg = Debug|Any CPU
		{BA73D8DA-87FF-4E63-A2A4-159C20D0141E}.Debug|Any CPU.Build.0 = Debug|Any CPU
		{BA73D8DA-87FF-4E63-A2A4-159C20D0141E}.Release|Any CPU.ActiveCfg = Release|Any CPU
		{BA73D8DA-87FF-4E63-A2A4-159C20D0141E}.Release|Any CPU.Build.0 = Release|Any CPU
	EndGlobalSection
	GlobalSection(SolutionProperties) = preSolution
		HideSolutionNode = FALSE
	EndGlobalSection
	GlobalSection(ExtensibilityGlobals) = postSolution
		SolutionGuid = {C10B18A6-7781-4120-A0C2-396E0D134382}
	EndGlobalSection
EndGlobal
